
Microsoft Visual Studio Solution File, Format Version 12.00
# Visual Studio Version 16
VisualStudioVersion = 16.0.32106.194
MinimumVisualStudioVersion = 10.0.40219.1
Project("{FAE04EC0-301F-11D3-BF4B-00C04F79EFBC}") = "assignment2ism4300", "assignment2ism4300.csproj", "{48C49B6B-9825-420A-8D2A-56F5B0E378AD}"
EndProject
Global
	GlobalSection(SolutionConfigurationPlatforms) = preSolution
		Debug|Any CPU = Debug|Any CPU
		Release|Any CPU = Release|Any CPU
	EndGlobalSection
	GlobalSection(ProjectConfigurationPlatforms) = postSolution
		{48C49B6B-9825-420A-8D2A-56F5B0E378AD}.Debug|Any CPU.ActiveCfg = Debug|Any CPU
		{48C49B6B-9825-420A-8D2A-56F5B0E378AD}.Debug|Any CPU.Build.0 = Debug|Any CPU
		{48C49B6B-9825-420A-8D2A-56F5B0E378AD}.Release|Any CPU.ActiveCfg = Release|Any CPU
		{48C49B6B-9825-420A-8D2A-56F5B0E378AD}.Release|Any CPU.Build.0 = Release|Any CPU
	EndGlobalSection
	GlobalSection(SolutionProperties) = preSolution
		HideSolutionNode = FALSE
	EndGlobalSection
	GlobalSection(ExtensibilityGlobals) = postSolution
		SolutionGuid = {A65FFA82-D262-4930-A376-2D612B446927}
	EndGlobalSection
EndGlobal
